
Microsoft Visual Studio Solution File, Format Version 12.00
# Visual Studio Version 17
VisualStudioVersion = 17.12.35521.163 d17.12
MinimumVisualStudioVersion = 10.0.40219.1
Project("{FAE04EC0-301F-11D3-BF4B-00C04F79EFBC}") = "QuantumComputing.ClientTest", "QuantumComputing.ClientTest.csproj", "{8323FEAB-C732-45CC-AA30-33CF169BAC2F}"
EndProject
Project("{FAE04EC0-301F-11D3-BF4B-00C04F79EFBC}") = "QuantumComputing", "..\QuantumComputing\QuantumComputing.csproj", "{7212BCED-85FB-4C33-BC76-EAD7E17788E0}"
EndProject
Global
	GlobalSection(SolutionConfigurationPlatforms) = preSolution
		Debug|Any CPU = Debug|Any CPU
		Release|Any CPU = Release|Any CPU
	EndGlobalSection
	GlobalSection(ProjectConfigurationPlatforms) = postSolution
		{8323FEAB-C732-45CC-AA30-33CF169BAC2F}.Debug|Any CPU.ActiveCfg = Debug|Any CPU
		{8323FEAB-C732-45CC-AA30-33CF169BAC2F}.Debug|Any CPU.Build.0 = Debug|Any CPU
		{8323FEAB-C732-45CC-AA30-33CF169BAC2F}.Release|Any CPU.ActiveCfg = Release|Any CPU
		{8323FEAB-C732-45CC-AA30-33CF169BAC2F}.Release|Any CPU.Build.0 = Release|Any CPU
		{7212BCED-85FB-4C33-BC76-EAD7E17788E0}.Debug|Any CPU.ActiveCfg = Debug|Any CPU
		{7212BCED-85FB-4C33-BC76-EAD7E17788E0}.Debug|Any CPU.Build.0 = Debug|Any CPU
		{7212BCED-85FB-4C33-BC76-EAD7E17788E0}.Release|Any CPU.ActiveCfg = Release|Any CPU
		{7212BCED-85FB-4C33-BC76-EAD7E17788E0}.Release|Any CPU.Build.0 = Release|Any CPU
	EndGlobalSection
	GlobalSection(SolutionProperties) = preSolution
		HideSolutionNode = FALSE
	EndGlobalSection
EndGlobal
